
Microsoft Visual Studio Solution File, Format Version 12.00
# Visual Studio Version 17
VisualStudioVersion = 17.11.35327.3
MinimumVisualStudioVersion = 10.0.40219.1
Project("{FAE04EC0-301F-11D3-BF4B-00C04F79EFBC}") = "Demo", "Demo\Demo.csproj", "{114B4B75-493B-4C72-85C8-5B44A60C9EFF}"
EndProject
Project("{FAE04EC0-301F-11D3-BF4B-00C04F79EFBC}") = "Demo.Core", "Demo.Core\Demo.Core.csproj", "{E51497BA-0DE3-479B-B941-875202DF8C29}"
EndProject
Project("{FAE04EC0-301F-11D3-BF4B-00C04F79EFBC}") = "Demo.Module1", "Demo.Module1\Demo.Module1.csproj", "{353FB921-3CC6-4DCE-8DEB-46A9A5085723}"
EndProject
Global
	GlobalSection(SolutionConfigurationPlatforms) = preSolution
		Debug|Any CPU = Debug|Any CPU
		Release|Any CPU = Release|Any CPU
	EndGlobalSection
	GlobalSection(ProjectConfigurationPlatforms) = postSolution
		{114B4B75-493B-4C72-85C8-5B44A60C9EFF}.Debug|Any CPU.ActiveCfg = Debug|Any CPU
		{114B4B75-493B-4C72-85C8-5B44A60C9EFF}.Debug|Any CPU.Build.0 = Debug|Any CPU
		{114B4B75-493B-4C72-85C8-5B44A60C9EFF}.Release|Any CPU.ActiveCfg = Release|Any CPU
		{114B4B75-493B-4C72-85C8-5B44A60C9EFF}.Release|Any CPU.Build.0 = Release|Any CPU
		{E51497BA-0DE3-479B-B941-875202DF8C29}.Debug|Any CPU.ActiveCfg = Debug|Any CPU
		{E51497BA-0DE3-479B-B941-875202DF8C29}.Debug|Any CPU.Build.0 = Debug|Any CPU
		{E51497BA-0DE3-479B-B941-875202DF8C29}.Release|Any CPU.ActiveCfg = Release|Any CPU
		{E51497BA-0DE3-479B-B941-875202DF8C29}.Release|Any CPU.Build.0 = Release|Any CPU
		{353FB921-3CC6-4DCE-8DEB-46A9A5085723}.Debug|Any CPU.ActiveCfg = Debug|Any CPU
		{353FB921-3CC6-4DCE-8DEB-46A9A5085723}.Debug|Any CPU.Build.0 = Debug|Any CPU
		{353FB921-3CC6-4DCE-8DEB-46A9A5085723}.Release|Any CPU.ActiveCfg = Release|Any CPU
		{353FB921-3CC6-4DCE-8DEB-46A9A5085723}.Release|Any CPU.Build.0 = Release|Any CPU
	EndGlobalSection
	GlobalSection(SolutionProperties) = preSolution
		HideSolutionNode = FALSE
	EndGlobalSection
	GlobalSection(ExtensibilityGlobals) = postSolution
		SolutionGuid = {D9EEE87A-A638-4597-98CE-9A4594420715}
	EndGlobalSection
EndGlobal
